
Microsoft Visual Studio Solution File, Format Version 12.00
# Visual Studio Version 16
VisualStudioVersion = 16.0.29926.136
MinimumVisualStudioVersion = 10.0.40219.1
Project("{9A19103F-16F7-4668-BE54-9A1E7A4F7556}") = "RemoteDeploy", "RemoteDeploy\RemoteDeploy.csproj", "{A0B9ABE5-1878-4E53-A9F4-84ED5B04D546}"
EndProject
Project("{9A19103F-16F7-4668-BE54-9A1E7A4F7556}") = "RemoteAgent", "RemoteAgent\RemoteAgent.csproj", "{235A740C-B232-45BF-A1D3-5E82135E8EFC}"
EndProject
Project("{9A19103F-16F7-4668-BE54-9A1E7A4F7556}") = "RemoteServer", "RemoteServer\RemoteServer.csproj", "{A6506164-A8C8-4A20-80EB-06E0E9B5F059}"
EndProject
Project("{FAE04EC0-301F-11D3-BF4B-00C04F79EFBC}") = "RemoteCommon", "RemoteCommon\RemoteCommon.csproj", "{4345CD98-F309-4F07-B18E-C2E738FE6BF2}"
EndProject
Global
	GlobalSection(SolutionConfigurationPlatforms) = preSolution
		Debug|Any CPU = Debug|Any CPU
		Release|Any CPU = Release|Any CPU
	EndGlobalSection
	GlobalSection(ProjectConfigurationPlatforms) = postSolution
		{A0B9ABE5-1878-4E53-A9F4-84ED5B04D546}.Debug|Any CPU.ActiveCfg = Debug|Any CPU
		{A0B9ABE5-1878-4E53-A9F4-84ED5B04D546}.Debug|Any CPU.Build.0 = Debug|Any CPU
		{A0B9ABE5-1878-4E53-A9F4-84ED5B04D546}.Release|Any CPU.ActiveCfg = Release|Any CPU
		{A0B9ABE5-1878-4E53-A9F4-84ED5B04D546}.Release|Any CPU.Build.0 = Release|Any CPU
		{235A740C-B232-45BF-A1D3-5E82135E8EFC}.Debug|Any CPU.ActiveCfg = Debug|Any CPU
		{235A740C-B232-45BF-A1D3-5E82135E8EFC}.Debug|Any CPU.Build.0 = Debug|Any CPU
		{235A740C-B232-45BF-A1D3-5E82135E8EFC}.Release|Any CPU.ActiveCfg = Release|Any CPU
		{235A740C-B232-45BF-A1D3-5E82135E8EFC}.Release|Any CPU.Build.0 = Release|Any CPU
		{A6506164-A8C8-4A20-80EB-06E0E9B5F059}.Debug|Any CPU.ActiveCfg = Debug|Any CPU
		{A6506164-A8C8-4A20-80EB-06E0E9B5F059}.Debug|Any CPU.Build.0 = Debug|Any CPU
		{A6506164-A8C8-4A20-80EB-06E0E9B5F059}.Release|Any CPU.ActiveCfg = Release|Any CPU
		{A6506164-A8C8-4A20-80EB-06E0E9B5F059}.Release|Any CPU.Build.0 = Release|Any CPU
		{4345CD98-F309-4F07-B18E-C2E738FE6BF2}.Debug|Any CPU.ActiveCfg = Debug|Any CPU
		{4345CD98-F309-4F07-B18E-C2E738FE6BF2}.Debug|Any CPU.Build.0 = Debug|Any CPU
		{4345CD98-F309-4F07-B18E-C2E738FE6BF2}.Release|Any CPU.ActiveCfg = Release|Any CPU
		{4345CD98-F309-4F07-B18E-C2E738FE6BF2}.Release|Any CPU.Build.0 = Release|Any CPU
	EndGlobalSection
	GlobalSection(SolutionProperties) = preSolution
		HideSolutionNode = FALSE
	EndGlobalSection
	GlobalSection(ExtensibilityGlobals) = postSolution
		SolutionGuid = {2D95174C-F747-40BF-8B32-3C038E23559A}
	EndGlobalSection
EndGlobal
